
Microsoft Visual Studio Solution File, Format Version 12.00
# Visual Studio Version 16
VisualStudioVersion = 16.0.29728.190
MinimumVisualStudioVersion = 10.0.40219.1
Project("{FAE04EC0-301F-11D3-BF4B-00C04F79EFBC}") = "ASSIGNMENT-ArraysLists", "ASSIGNMENT-ArraysLists.csproj", "{B34E6233-26F3-45C6-95D4-1D802BD5C149}"
EndProject
Global
	GlobalSection(SolutionConfigurationPlatforms) = preSolution
		Debug|Any CPU = Debug|Any CPU
		Release|Any CPU = Release|Any CPU
	EndGlobalSection
	GlobalSection(ProjectConfigurationPlatforms) = postSolution
		{B34E6233-26F3-45C6-95D4-1D802BD5C149}.Debug|Any CPU.ActiveCfg = Debug|Any CPU
		{B34E6233-26F3-45C6-95D4-1D802BD5C149}.Debug|Any CPU.Build.0 = Debug|Any CPU
		{B34E6233-26F3-45C6-95D4-1D802BD5C149}.Release|Any CPU.ActiveCfg = Release|Any CPU
		{B34E6233-26F3-45C6-95D4-1D802BD5C149}.Release|Any CPU.Build.0 = Release|Any CPU
	EndGlobalSection
	GlobalSection(SolutionProperties) = preSolution
		HideSolutionNode = FALSE
	EndGlobalSection
	GlobalSection(ExtensibilityGlobals) = postSolution
		SolutionGuid = {8CD0AAB7-67CF-4E73-BD16-93F76B1D9877}
	EndGlobalSection
EndGlobal
