
Microsoft Visual Studio Solution File, Format Version 12.00
# Visual Studio Version 16
VisualStudioVersion = 16.0.29728.190
MinimumVisualStudioVersion = 10.0.40219.1
Project("{FAE04EC0-301F-11D3-BF4B-00C04F79EFBC}") = "AssignmentPg89", "AssignmentPg89.csproj", "{FDC71622-5CDA-43E1-B973-B6E67F5D5CD3}"
EndProject
Global
	GlobalSection(SolutionConfigurationPlatforms) = preSolution
		Debug|Any CPU = Debug|Any CPU
		Release|Any CPU = Release|Any CPU
	EndGlobalSection
	GlobalSection(ProjectConfigurationPlatforms) = postSolution
		{FDC71622-5CDA-43E1-B973-B6E67F5D5CD3}.Debug|Any CPU.ActiveCfg = Debug|Any CPU
		{FDC71622-5CDA-43E1-B973-B6E67F5D5CD3}.Debug|Any CPU.Build.0 = Debug|Any CPU
		{FDC71622-5CDA-43E1-B973-B6E67F5D5CD3}.Release|Any CPU.ActiveCfg = Release|Any CPU
		{FDC71622-5CDA-43E1-B973-B6E67F5D5CD3}.Release|Any CPU.Build.0 = Release|Any CPU
	EndGlobalSection
	GlobalSection(SolutionProperties) = preSolution
		HideSolutionNode = FALSE
	EndGlobalSection
	GlobalSection(ExtensibilityGlobals) = postSolution
		SolutionGuid = {B76410FD-8427-4D4A-A953-F32109E8F31F}
	EndGlobalSection
EndGlobal
