
Microsoft Visual Studio Solution File, Format Version 12.00
# Visual Studio Version 16
VisualStudioVersion = 16.0.29728.190
MinimumVisualStudioVersion = 10.0.40219.1
Project("{FAE04EC0-301F-11D3-BF4B-00C04F79EFBC}") = "AcmeAssignment", "AcmeAssignment.csproj", "{727D5B05-763A-46A5-AD74-5867A2A96E66}"
EndProject
Global
	GlobalSection(SolutionConfigurationPlatforms) = preSolution
		Debug|Any CPU = Debug|Any CPU
		Release|Any CPU = Release|Any CPU
	EndGlobalSection
	GlobalSection(ProjectConfigurationPlatforms) = postSolution
		{727D5B05-763A-46A5-AD74-5867A2A96E66}.Debug|Any CPU.ActiveCfg = Debug|Any CPU
		{727D5B05-763A-46A5-AD74-5867A2A96E66}.Debug|Any CPU.Build.0 = Debug|Any CPU
		{727D5B05-763A-46A5-AD74-5867A2A96E66}.Release|Any CPU.ActiveCfg = Release|Any CPU
		{727D5B05-763A-46A5-AD74-5867A2A96E66}.Release|Any CPU.Build.0 = Release|Any CPU
	EndGlobalSection
	GlobalSection(SolutionProperties) = preSolution
		HideSolutionNode = FALSE
	EndGlobalSection
	GlobalSection(ExtensibilityGlobals) = postSolution
		SolutionGuid = {210BC7C8-1D82-4335-A813-1AB402D18BA7}
	EndGlobalSection
EndGlobal
